
Microsoft Visual Studio Solution File, Format Version 12.00
# Visual Studio 15
VisualStudioVersion = 15.0.28307.329
MinimumVisualStudioVersion = 10.0.40219.1
Project("{FAE04EC0-301F-11D3-BF4B-00C04F79EFBC}") = "GameHUB", "GameHUB.csproj", "{DA0D175A-FB92-4C37-897A-0DF0A8CFC49E}"
EndProject
Project("{FAE04EC0-301F-11D3-BF4B-00C04F79EFBC}") = "GameHUB.Commerce", "..\GameHUB.Commerce\GameHUB.Commerce.csproj", "{652D2A9B-EF9C-40BE-B496-1E1873285805}"
EndProject
Global
	GlobalSection(SolutionConfigurationPlatforms) = preSolution
		Debug|Any CPU = Debug|Any CPU
		Release|Any CPU = Release|Any CPU
	EndGlobalSection
	GlobalSection(ProjectConfigurationPlatforms) = postSolution
		{DA0D175A-FB92-4C37-897A-0DF0A8CFC49E}.Debug|Any CPU.ActiveCfg = Debug|Any CPU
		{DA0D175A-FB92-4C37-897A-0DF0A8CFC49E}.Debug|Any CPU.Build.0 = Debug|Any CPU
		{DA0D175A-FB92-4C37-897A-0DF0A8CFC49E}.Release|Any CPU.ActiveCfg = Release|Any CPU
		{DA0D175A-FB92-4C37-897A-0DF0A8CFC49E}.Release|Any CPU.Build.0 = Release|Any CPU
		{652D2A9B-EF9C-40BE-B496-1E1873285805}.Debug|Any CPU.ActiveCfg = Debug|Any CPU
		{652D2A9B-EF9C-40BE-B496-1E1873285805}.Debug|Any CPU.Build.0 = Debug|Any CPU
		{652D2A9B-EF9C-40BE-B496-1E1873285805}.Release|Any CPU.ActiveCfg = Release|Any CPU
		{652D2A9B-EF9C-40BE-B496-1E1873285805}.Release|Any CPU.Build.0 = Release|Any CPU
	EndGlobalSection
	GlobalSection(SolutionProperties) = preSolution
		HideSolutionNode = FALSE
	EndGlobalSection
	GlobalSection(ExtensibilityGlobals) = postSolution
		SolutionGuid = {799804F0-1941-4E33-B0CA-5C228224ED69}
	EndGlobalSection
EndGlobal
